# This file is automatically @generated by Cargo.
# It is not intended for manual editing.
version = 3

[[package]]
name = "singlephase"
version = "0.1.0"
dependencies = [
 "unit-conversions",
]

[[package]]
name = "unit-conversions"
version = "0.1.16"
source = "registry+https://github.com/rust-lang/crates.io-index"
checksum = "af4a2df0c3075cdb0ace2ea9bd9f7f830776cf0c1741f4c585a6b7358ade095f"
